
Microsoft Visual Studio Solution File, Format Version 12.00
# Visual Studio Version 16
VisualStudioVersion = 16.0.30717.126
MinimumVisualStudioVersion = 10.0.40219.1
Project("{FAE04EC0-301F-11D3-BF4B-00C04F79EFBC}") = "Snake", "Snake.csproj", "{6DA41978-FD84-4D75-B139-67DE5D9E6128}"
EndProject
Global
	GlobalSection(SolutionConfigurationPlatforms) = preSolution
		Debug|Any CPU = Debug|Any CPU
		Release|Any CPU = Release|Any CPU
	EndGlobalSection
	GlobalSection(ProjectConfigurationPlatforms) = postSolution
		{6DA41978-FD84-4D75-B139-67DE5D9E6128}.Debug|Any CPU.ActiveCfg = Debug|Any CPU
		{6DA41978-FD84-4D75-B139-67DE5D9E6128}.Debug|Any CPU.Build.0 = Debug|Any CPU
		{6DA41978-FD84-4D75-B139-67DE5D9E6128}.Release|Any CPU.ActiveCfg = Release|Any CPU
		{6DA41978-FD84-4D75-B139-67DE5D9E6128}.Release|Any CPU.Build.0 = Release|Any CPU
	EndGlobalSection
	GlobalSection(SolutionProperties) = preSolution
		HideSolutionNode = FALSE
	EndGlobalSection
	GlobalSection(ExtensibilityGlobals) = postSolution
		SolutionGuid = {6AC02BF3-353C-4C06-8A00-76AF83BDB572}
	EndGlobalSection
EndGlobal
